# THIS IS AN AUTOGENERATED FILE. DO NOT EDIT THIS FILE DIRECTLY.
# yarn lockfile v1


p-queue@^2.3.0:
  version "2.3.0"
  resolved "https://registry.yarnpkg.com/p-queue/-/p-queue-2.3.0.tgz#65d55e71bc1500fc413122da98ae457ff8a7c038"

p-retry@^1.0.0:
  version "1.0.0"
  resolved "https://registry.yarnpkg.com/p-retry/-/p-retry-1.0.0.tgz#3927332a4b7d70269b535515117fc547da1a6968"
  dependencies:
    retry "^0.10.0"

retry@^0.10.0:
  version "0.10.1"
  resolved "https://registry.yarnpkg.com/retry/-/retry-0.10.1.tgz#e76388d217992c252750241d3d3956fed98d8ff4"
